{
    "_meta": {
        "hash": {
            "sha256": "a69fc0b1bc929dfde0ef52153ebe6cbf1e3875a9a2f5d05e0be4290f53845123"
        },
        "pipfile-spec": 6,
        "requires": {
            "python_version": "3.10"
        },
        "sources": [
            {
                "name": "pypi",
                "url": "https://pypi.org/simple",
                "verify_ssl": true
            }
        ]
    },
    "default": {
        "pyfiglet": {
            "hashes": [
                "sha256:758788018ab8faaddc0984e1ea05ff330d3c64be663c513cc1f105f6a3066dab",
                "sha256:889b351d79c99e50a3f619c8f8e6ffdb27fd8c939fc43ecbd7559bd57d5f93ea"
            ],
            "index": "pypi",
            "markers": "python_version >= '3.9'",
            "version": "==1.0.2"
        }
    },
    "develop": {}
}
